{
  "pins" : [
    {
      "identity" : "strada-ios",
      "kind" : "remoteSourceControl",
      "location" : "https://github.com/hotwired/strada-ios",
      "state" : {
        "branch" : "main",
        "revision" : "d8c1bcf1d9511c03e7beed07c05d29f33f9b6cde"
      }
    },
    {
      "identity" : "turbo-ios",
      "kind" : "remoteSourceControl",
      "location" : "https://github.com/hotwired/turbo-ios",
      "state" : {
        "branch" : "turbo-navigator",
        "revision" : "76898382a5acaeeb7d6879a2b7527b3c0e2a5e37"
      }
    }
  ],
  "version" : 2
}
