// !$*UTF8*$!
{
	archiveVersion = 1;
	classes = {
	};
	objectVersion = 60;
	objects = {

/* Begin PBXBuildFile section */
		8443D9052B88003C0077C45A /* Hotwire in Frameworks */ = {isa = PBXBuildFile; productRef = 8443D9042B88003C0077C45A /* Hotwire */; };
		84BACDA52B23A37900CE57C4 /* Assets.xcassets in Resources */ = {isa = PBXBuildFile; fileRef = 84BACDA42B23A37900CE57C4 /* Assets.xcassets */; };
		84BACDB02B23A43100CE57C4 /* LaunchScreen.storyboard in Resources */ = {isa = PBXBuildFile; fileRef = 84BACDA62B23A37900CE57C4 /* LaunchScreen.storyboard */; };
		84BACDC12B23B1E000CE57C4 /* FormComponent.swift in Sources */ = {isa = PBXBuildFile; fileRef = 84BACDBD2B23B1DF00CE57C4 /* FormComponent.swift */; };
		84BACDC32B23B1E000CE57C4 /* MenuComponent.swift in Sources */ = {isa = PBXBuildFile; fileRef = 84BACDBF2B23B1E000CE57C4 /* MenuComponent.swift */; };
		84BACDC42B23B1E000CE57C4 /* OverflowMenuComponent.swift in Sources */ = {isa = PBXBuildFile; fileRef = 84BACDC02B23B1E000CE57C4 /* OverflowMenuComponent.swift */; };
		84BACDD02B23B2D900CE57C4 /* Demo.swift in Sources */ = {isa = PBXBuildFile; fileRef = 84BACDC92B23B2D900CE57C4 /* Demo.swift */; };
		84BACDD12B23B2D900CE57C4 /* NumbersViewController.swift in Sources */ = {isa = PBXBuildFile; fileRef = 84BACDCA2B23B2D900CE57C4 /* NumbersViewController.swift */; };
		84BACDD22B23B2D900CE57C4 /* path-configuration.json in Resources */ = {isa = PBXBuildFile; fileRef = 84BACDCB2B23B2D900CE57C4 /* path-configuration.json */; };
		84BACDD32B23B2D900CE57C4 /* SceneController.swift in Sources */ = {isa = PBXBuildFile; fileRef = 84BACDCC2B23B2D900CE57C4 /* SceneController.swift */; };
		84CECEAB2B24BAB3004F8767 /* AppDelegate.swift in Sources */ = {isa = PBXBuildFile; fileRef = 84CECEAA2B24BAB3004F8767 /* AppDelegate.swift */; };
/* End PBXBuildFile section */

/* Begin PBXFileReference section */
		84BACD982B23A37800CE57C4 /* Demo.app */ = {isa = PBXFileReference; explicitFileType = wrapper.application; includeInIndex = 0; path = Demo.app; sourceTree = BUILT_PRODUCTS_DIR; };
		84BACDA42B23A37900CE57C4 /* Assets.xcassets */ = {isa = PBXFileReference; lastKnownFileType = folder.assetcatalog; path = Assets.xcassets; sourceTree = "<group>"; };
		84BACDA72B23A37900CE57C4 /* Base */ = {isa = PBXFileReference; lastKnownFileType = file.storyboard; name = Base; path = Base.lproj/LaunchScreen.storyboard; sourceTree = "<group>"; };
		84BACDA92B23A37900CE57C4 /* Info.plist */ = {isa = PBXFileReference; lastKnownFileType = text.plist.xml; path = Info.plist; sourceTree = "<group>"; };
		84BACDB62B23AEDB00CE57C4 /* hotwire-native-ios */ = {isa = PBXFileReference; lastKnownFileType = wrapper; name = "hotwire-native-ios"; path = ../..; sourceTree = "<group>"; };
		84BACDBD2B23B1DF00CE57C4 /* FormComponent.swift */ = {isa = PBXFileReference; fileEncoding = 4; lastKnownFileType = sourcecode.swift; path = FormComponent.swift; sourceTree = "<group>"; };
		84BACDBF2B23B1E000CE57C4 /* MenuComponent.swift */ = {isa = PBXFileReference; fileEncoding = 4; lastKnownFileType = sourcecode.swift; path = MenuComponent.swift; sourceTree = "<group>"; };
		84BACDC02B23B1E000CE57C4 /* OverflowMenuComponent.swift */ = {isa = PBXFileReference; fileEncoding = 4; lastKnownFileType = sourcecode.swift; path = OverflowMenuComponent.swift; sourceTree = "<group>"; };
		84BACDC92B23B2D900CE57C4 /* Demo.swift */ = {isa = PBXFileReference; fileEncoding = 4; lastKnownFileType = sourcecode.swift; path = Demo.swift; sourceTree = "<group>"; };
		84BACDCA2B23B2D900CE57C4 /* NumbersViewController.swift */ = {isa = PBXFileReference; fileEncoding = 4; lastKnownFileType = sourcecode.swift; path = NumbersViewController.swift; sourceTree = "<group>"; };
		84BACDCB2B23B2D900CE57C4 /* path-configuration.json */ = {isa = PBXFileReference; fileEncoding = 4; lastKnownFileType = text.json; path = "path-configuration.json"; sourceTree = "<group>"; };
		84BACDCC2B23B2D900CE57C4 /* SceneController.swift */ = {isa = PBXFileReference; fileEncoding = 4; lastKnownFileType = sourcecode.swift; path = SceneController.swift; sourceTree = "<group>"; };
		84CECEAA2B24BAB3004F8767 /* AppDelegate.swift */ = {isa = PBXFileReference; fileEncoding = 4; lastKnownFileType = sourcecode.swift; path = AppDelegate.swift; sourceTree = "<group>"; };
/* End PBXFileReference section */

/* Begin PBXFrameworksBuildPhase section */
		84BACD952B23A37800CE57C4 /* Frameworks */ = {
			isa = PBXFrameworksBuildPhase;
			buildActionMask = 2147483647;
			files = (
				8443D9052B88003C0077C45A /* Hotwire in Frameworks */,
			);
			runOnlyForDeploymentPostprocessing = 0;
		};
/* End PBXFrameworksBuildPhase section */

/* Begin PBXGroup section */
		84BACD8F2B23A37800CE57C4 = {
			isa = PBXGroup;
			children = (
				84BACD9A2B23A37800CE57C4 /* Demo */,
				84BACDB72B23AEDF00CE57C4 /* Packages */,
				84BACD992B23A37800CE57C4 /* Products */,
				84BACDB82B23AEEC00CE57C4 /* Frameworks */,
			);
			sourceTree = "<group>";
		};
		84BACD992B23A37800CE57C4 /* Products */ = {
			isa = PBXGroup;
			children = (
				84BACD982B23A37800CE57C4 /* Demo.app */,
			);
			name = Products;
			sourceTree = "<group>";
		};
		84BACD9A2B23A37800CE57C4 /* Demo */ = {
			isa = PBXGroup;
			children = (
				84BACDBB2B23B1BE00CE57C4 /* Strada */,
				84BACDC92B23B2D900CE57C4 /* Demo.swift */,
				84BACDCC2B23B2D900CE57C4 /* SceneController.swift */,
				84CECEAA2B24BAB3004F8767 /* AppDelegate.swift */,
				84BACDCA2B23B2D900CE57C4 /* NumbersViewController.swift */,
				84BACDCB2B23B2D900CE57C4 /* path-configuration.json */,
				84BACDA92B23A37900CE57C4 /* Info.plist */,
				84BACDA42B23A37900CE57C4 /* Assets.xcassets */,
				84BACDA62B23A37900CE57C4 /* LaunchScreen.storyboard */,
			);
			name = Demo;
			sourceTree = "<group>";
		};
		84BACDB72B23AEDF00CE57C4 /* Packages */ = {
			isa = PBXGroup;
			children = (
				84BACDB62B23AEDB00CE57C4 /* hotwire-native-ios */,
			);
			path = Packages;
			sourceTree = "<group>";
		};
		84BACDB82B23AEEC00CE57C4 /* Frameworks */ = {
			isa = PBXGroup;
			children = (
			);
			name = Frameworks;
			sourceTree = "<group>";
		};
		84BACDBB2B23B1BE00CE57C4 /* Strada */ = {
			isa = PBXGroup;
			children = (
				84BACDBD2B23B1DF00CE57C4 /* FormComponent.swift */,
				84BACDBF2B23B1E000CE57C4 /* MenuComponent.swift */,
				84BACDC02B23B1E000CE57C4 /* OverflowMenuComponent.swift */,
			);
			name = Strada;
			sourceTree = "<group>";
		};
/* End PBXGroup section */

/* Begin PBXNativeTarget section */
		84BACD972B23A37800CE57C4 /* Demo */ = {
			isa = PBXNativeTarget;
			buildConfigurationList = 84BACDAC2B23A37900CE57C4 /* Build configuration list for PBXNativeTarget "Demo" */;
			buildPhases = (
				84BACD942B23A37800CE57C4 /* Sources */,
				84BACD952B23A37800CE57C4 /* Frameworks */,
				84BACD962B23A37800CE57C4 /* Resources */,
			);
			buildRules = (
			);
			dependencies = (
			);
			name = Demo;
			packageProductDependencies = (
				8443D9042B88003C0077C45A /* Hotwire */,
			);
			productName = Demo;
			productReference = 84BACD982B23A37800CE57C4 /* Demo.app */;
			productType = "com.apple.product-type.application";
		};
/* End PBXNativeTarget section */

/* Begin PBXProject section */
		84BACD902B23A37800CE57C4 /* Project object */ = {
			isa = PBXProject;
			attributes = {
				BuildIndependentTargetsInParallel = 1;
				LastSwiftUpdateCheck = 1500;
				LastUpgradeCheck = 1500;
				TargetAttributes = {
					84BACD972B23A37800CE57C4 = {
						CreatedOnToolsVersion = 15.0.1;
					};
				};
			};
			buildConfigurationList = 84BACD932B23A37800CE57C4 /* Build configuration list for PBXProject "Demo" */;
			compatibilityVersion = "Xcode 14.0";
			developmentRegion = en;
			hasScannedForEncodings = 0;
			knownRegions = (
				en,
				Base,
			);
			mainGroup = 84BACD8F2B23A37800CE57C4;
			packageReferences = (
				8443D9032B88003C0077C45A /* XCLocalSwiftPackageReference ".." */,
			);
			productRefGroup = 84BACD992B23A37800CE57C4 /* Products */;
			projectDirPath = "";
			projectRoot = "";
			targets = (
				84BACD972B23A37800CE57C4 /* Demo */,
			);
		};
/* End PBXProject section */

/* Begin PBXResourcesBuildPhase section */
		84BACD962B23A37800CE57C4 /* Resources */ = {
			isa = PBXResourcesBuildPhase;
			buildActionMask = 2147483647;
			files = (
				84BACDD22B23B2D900CE57C4 /* path-configuration.json in Resources */,
				84BACDA52B23A37900CE57C4 /* Assets.xcassets in Resources */,
				84BACDB02B23A43100CE57C4 /* LaunchScreen.storyboard in Resources */,
			);
			runOnlyForDeploymentPostprocessing = 0;
		};
/* End PBXResourcesBuildPhase section */

/* Begin PBXSourcesBuildPhase section */
		84BACD942B23A37800CE57C4 /* Sources */ = {
			isa = PBXSourcesBuildPhase;
			buildActionMask = 2147483647;
			files = (
				84BACDD12B23B2D900CE57C4 /* NumbersViewController.swift in Sources */,
				84BACDD32B23B2D900CE57C4 /* SceneController.swift in Sources */,
				84BACDD02B23B2D900CE57C4 /* Demo.swift in Sources */,
				84BACDC32B23B1E000CE57C4 /* MenuComponent.swift in Sources */,
				84BACDC12B23B1E000CE57C4 /* FormComponent.swift in Sources */,
				84CECEAB2B24BAB3004F8767 /* AppDelegate.swift in Sources */,
				84BACDC42B23B1E000CE57C4 /* OverflowMenuComponent.swift in Sources */,
			);
			runOnlyForDeploymentPostprocessing = 0;
		};
/* End PBXSourcesBuildPhase section */

/* Begin PBXVariantGroup section */
		84BACDA62B23A37900CE57C4 /* LaunchScreen.storyboard */ = {
			isa = PBXVariantGroup;
			children = (
				84BACDA72B23A37900CE57C4 /* Base */,
			);
			name = LaunchScreen.storyboard;
			sourceTree = "<group>";
		};
/* End PBXVariantGroup section */

/* Begin XCBuildConfiguration section */
		84BACDAA2B23A37900CE57C4 /* Debug */ = {
			isa = XCBuildConfiguration;
			buildSettings = {
				ALWAYS_SEARCH_USER_PATHS = NO;
				ASSETCATALOG_COMPILER_GENERATE_SWIFT_ASSET_SYMBOL_EXTENSIONS = YES;
				CLANG_ANALYZER_NONNULL = YES;
				CLANG_ANALYZER_NUMBER_OBJECT_CONVERSION = YES_AGGRESSIVE;
				CLANG_CXX_LANGUAGE_STANDARD = "gnu++20";
				CLANG_ENABLE_MODULES = YES;
				CLANG_ENABLE_OBJC_ARC = YES;
				CLANG_ENABLE_OBJC_WEAK = YES;
				CLANG_WARN_BLOCK_CAPTURE_AUTORELEASING = YES;
				CLANG_WARN_BOOL_CONVERSION = YES;
				CLANG_WARN_COMMA = YES;
				CLANG_WARN_CONSTANT_CONVERSION = YES;
				CLANG_WARN_DEPRECATED_OBJC_IMPLEMENTATIONS = YES;
				CLANG_WARN_DIRECT_OBJC_ISA_USAGE = YES_ERROR;
				CLANG_WARN_DOCUMENTATION_COMMENTS = YES;
				CLANG_WARN_EMPTY_BODY = YES;
				CLANG_WARN_ENUM_CONVERSION = YES;
				CLANG_WARN_INFINITE_RECURSION = YES;
				CLANG_WARN_INT_CONVERSION = YES;
				CLANG_WARN_NON_LITERAL_NULL_CONVERSION = YES;
				CLANG_WARN_OBJC_IMPLICIT_RETAIN_SELF = YES;
				CLANG_WARN_OBJC_LITERAL_CONVERSION = YES;
				CLANG_WARN_OBJC_ROOT_CLASS = YES_ERROR;
				CLANG_WARN_QUOTED_INCLUDE_IN_FRAMEWORK_HEADER = YES;
				CLANG_WARN_RANGE_LOOP_ANALYSIS = YES;
				CLANG_WARN_STRICT_PROTOTYPES = YES;
				CLANG_WARN_SUSPICIOUS_MOVE = YES;
				CLANG_WARN_UNGUARDED_AVAILABILITY = YES_AGGRESSIVE;
				CLANG_WARN_UNREACHABLE_CODE = YES;
				CLANG_WARN__DUPLICATE_METHOD_MATCH = YES;
				COPY_PHASE_STRIP = NO;
				DEBUG_INFORMATION_FORMAT = dwarf;
				ENABLE_STRICT_OBJC_MSGSEND = YES;
				ENABLE_TESTABILITY = YES;
				ENABLE_USER_SCRIPT_SANDBOXING = YES;
				GCC_C_LANGUAGE_STANDARD = gnu17;
				GCC_DYNAMIC_NO_PIC = NO;
				GCC_NO_COMMON_BLOCKS = YES;
				GCC_OPTIMIZATION_LEVEL = 0;
				GCC_PREPROCESSOR_DEFINITIONS = (
					"DEBUG=1",
					"$(inherited)",
				);
				GCC_WARN_64_TO_32_BIT_CONVERSION = YES;
				GCC_WARN_ABOUT_RETURN_TYPE = YES_ERROR;
				GCC_WARN_UNDECLARED_SELECTOR = YES;
				GCC_WARN_UNINITIALIZED_AUTOS = YES_AGGRESSIVE;
				GCC_WARN_UNUSED_FUNCTION = YES;
				GCC_WARN_UNUSED_VARIABLE = YES;
				IPHONEOS_DEPLOYMENT_TARGET = 17.0;
				LOCALIZATION_PREFERS_STRING_CATALOGS = YES;
				MTL_ENABLE_DEBUG_INFO = INCLUDE_SOURCE;
				MTL_FAST_MATH = YES;
				ONLY_ACTIVE_ARCH = YES;
				SDKROOT = iphoneos;
				SWIFT_ACTIVE_COMPILATION_CONDITIONS = "DEBUG $(inherited)";
				SWIFT_OPTIMIZATION_LEVEL = "-Onone";
			};
			name = Debug;
		};
		84BACDAB2B23A37900CE57C4 /* Release */ = {
			isa = XCBuildConfiguration;
			buildSettings = {
				ALWAYS_SEARCH_USER_PATHS = NO;
				ASSETCATALOG_COMPILER_GENERATE_SWIFT_ASSET_SYMBOL_EXTENSIONS = YES;
				CLANG_ANALYZER_NONNULL = YES;
				CLANG_ANALYZER_NUMBER_OBJECT_CONVERSION = YES_AGGRESSIVE;
				CLANG_CXX_LANGUAGE_STANDARD = "gnu++20";
				CLANG_ENABLE_MODULES = YES;
				CLANG_ENABLE_OBJC_ARC = YES;
				CLANG_ENABLE_OBJC_WEAK = YES;
				CLANG_WARN_BLOCK_CAPTURE_AUTORELEASING = YES;
				CLANG_WARN_BOOL_CONVERSION = YES;
				CLANG_WARN_COMMA = YES;
				CLANG_WARN_CONSTANT_CONVERSION = YES;
				CLANG_WARN_DEPRECATED_OBJC_IMPLEMENTATIONS = YES;
				CLANG_WARN_DIRECT_OBJC_ISA_USAGE = YES_ERROR;
				CLANG_WARN_DOCUMENTATION_COMMENTS = YES;
				CLANG_WARN_EMPTY_BODY = YES;
				CLANG_WARN_ENUM_CONVERSION = YES;
				CLANG_WARN_INFINITE_RECURSION = YES;
				CLANG_WARN_INT_CONVERSION = YES;
				CLANG_WARN_NON_LITERAL_NULL_CONVERSION = YES;
				CLANG_WARN_OBJC_IMPLICIT_RETAIN_SELF = YES;
				CLANG_WARN_OBJC_LITERAL_CONVERSION = YES;
				CLANG_WARN_OBJC_ROOT_CLASS = YES_ERROR;
				CLANG_WARN_QUOTED_INCLUDE_IN_FRAMEWORK_HEADER = YES;
				CLANG_WARN_RANGE_LOOP_ANALYSIS = YES;
				CLANG_WARN_STRICT_PROTOTYPES = YES;
				CLANG_WARN_SUSPICIOUS_MOVE = YES;
				CLANG_WARN_UNGUARDED_AVAILABILITY = YES_AGGRESSIVE;
				CLANG_WARN_UNREACHABLE_CODE = YES;
				CLANG_WARN__DUPLICATE_METHOD_MATCH = YES;
				COPY_PHASE_STRIP = NO;
				DEBUG_INFORMATION_FORMAT = "dwarf-with-dsym";
				ENABLE_NS_ASSERTIONS = NO;
				ENABLE_STRICT_OBJC_MSGSEND = YES;
				ENABLE_USER_SCRIPT_SANDBOXING = YES;
				GCC_C_LANGUAGE_STANDARD = gnu17;
				GCC_NO_COMMON_BLOCKS = YES;
				GCC_WARN_64_TO_32_BIT_CONVERSION = YES;
				GCC_WARN_ABOUT_RETURN_TYPE = YES_ERROR;
				GCC_WARN_UNDECLARED_SELECTOR = YES;
				GCC_WARN_UNINITIALIZED_AUTOS = YES_AGGRESSIVE;
				GCC_WARN_UNUSED_FUNCTION = YES;
				GCC_WARN_UNUSED_VARIABLE = YES;
				IPHONEOS_DEPLOYMENT_TARGET = 17.0;
				LOCALIZATION_PREFERS_STRING_CATALOGS = YES;
				MTL_ENABLE_DEBUG_INFO = NO;
				MTL_FAST_MATH = YES;
				SDKROOT = iphoneos;
				SWIFT_COMPILATION_MODE = wholemodule;
				VALIDATE_PRODUCT = YES;
			};
			name = Release;
		};
		84BACDAD2B23A37900CE57C4 /* Debug */ = {
			isa = XCBuildConfiguration;
			buildSettings = {
				ASSETCATALOG_COMPILER_APPICON_NAME = AppIcon;
				ASSETCATALOG_COMPILER_GLOBAL_ACCENT_COLOR_NAME = AccentColor;
				CODE_SIGN_STYLE = Manual;
				CURRENT_PROJECT_VERSION = 1;
				DEVELOPMENT_TEAM = "";
				GENERATE_INFOPLIST_FILE = YES;
				INFOPLIST_FILE = Info.plist;
				INFOPLIST_KEY_UIApplicationSupportsIndirectInputEvents = YES;
				INFOPLIST_KEY_UILaunchStoryboardName = LaunchScreen;
				INFOPLIST_KEY_UISupportedInterfaceOrientations_iPad = "UIInterfaceOrientationPortrait UIInterfaceOrientationPortraitUpsideDown UIInterfaceOrientationLandscapeLeft UIInterfaceOrientationLandscapeRight";
				INFOPLIST_KEY_UISupportedInterfaceOrientations_iPhone = "UIInterfaceOrientationPortrait UIInterfaceOrientationLandscapeLeft UIInterfaceOrientationLandscapeRight";
				LD_RUNPATH_SEARCH_PATHS = (
					"$(inherited)",
					"@executable_path/Frameworks",
				);
				MARKETING_VERSION = 1.0;
				PRODUCT_BUNDLE_IDENTIFIER = com.example.Demo;
				PRODUCT_NAME = "$(TARGET_NAME)";
				PROVISIONING_PROFILE_SPECIFIER = "";
				SWIFT_EMIT_LOC_STRINGS = YES;
				SWIFT_VERSION = 5.0;
				TARGETED_DEVICE_FAMILY = "1,2";
			};
			name = Debug;
		};
		84BACDAE2B23A37900CE57C4 /* Release */ = {
			isa = XCBuildConfiguration;
			buildSettings = {
				ASSETCATALOG_COMPILER_APPICON_NAME = AppIcon;
				ASSETCATALOG_COMPILER_GLOBAL_ACCENT_COLOR_NAME = AccentColor;
				CODE_SIGN_STYLE = Manual;
				CURRENT_PROJECT_VERSION = 1;
				DEVELOPMENT_TEAM = "";
				GENERATE_INFOPLIST_FILE = YES;
				INFOPLIST_FILE = Info.plist;
				INFOPLIST_KEY_UIApplicationSupportsIndirectInputEvents = YES;
				INFOPLIST_KEY_UILaunchStoryboardName = LaunchScreen;
				INFOPLIST_KEY_UISupportedInterfaceOrientations_iPad = "UIInterfaceOrientationPortrait UIInterfaceOrientationPortraitUpsideDown UIInterfaceOrientationLandscapeLeft UIInterfaceOrientationLandscapeRight";
				INFOPLIST_KEY_UISupportedInterfaceOrientations_iPhone = "UIInterfaceOrientationPortrait UIInterfaceOrientationLandscapeLeft UIInterfaceOrientationLandscapeRight";
				LD_RUNPATH_SEARCH_PATHS = (
					"$(inherited)",
					"@executable_path/Frameworks",
				);
				MARKETING_VERSION = 1.0;
				PRODUCT_BUNDLE_IDENTIFIER = com.example.Demo;
				PRODUCT_NAME = "$(TARGET_NAME)";
				PROVISIONING_PROFILE_SPECIFIER = "";
				SWIFT_EMIT_LOC_STRINGS = YES;
				SWIFT_VERSION = 5.0;
				TARGETED_DEVICE_FAMILY = "1,2";
			};
			name = Release;
		};
/* End XCBuildConfiguration section */

/* Begin XCConfigurationList section */
		84BACD932B23A37800CE57C4 /* Build configuration list for PBXProject "Demo" */ = {
			isa = XCConfigurationList;
			buildConfigurations = (
				84BACDAA2B23A37900CE57C4 /* Debug */,
				84BACDAB2B23A37900CE57C4 /* Release */,
			);
			defaultConfigurationIsVisible = 0;
			defaultConfigurationName = Release;
		};
		84BACDAC2B23A37900CE57C4 /* Build configuration list for PBXNativeTarget "Demo" */ = {
			isa = XCConfigurationList;
			buildConfigurations = (
				84BACDAD2B23A37900CE57C4 /* Debug */,
				84BACDAE2B23A37900CE57C4 /* Release */,
			);
			defaultConfigurationIsVisible = 0;
			defaultConfigurationName = Release;
		};
/* End XCConfigurationList section */

/* Begin XCLocalSwiftPackageReference section */
		8443D9032B88003C0077C45A /* XCLocalSwiftPackageReference ".." */ = {
			isa = XCLocalSwiftPackageReference;
			relativePath = ..;
		};
/* End XCLocalSwiftPackageReference section */

/* Begin XCSwiftPackageProductDependency section */
		8443D9042B88003C0077C45A /* Hotwire */ = {
			isa = XCSwiftPackageProductDependency;
			productName = Hotwire;
		};
/* End XCSwiftPackageProductDependency section */
	};
	rootObject = 84BACD902B23A37800CE57C4 /* Project object */;
}
